// !$*UTF8*$!
{
	archiveVersion = 1;
	classes = {
	};
	objectVersion = 46;
	objects = {

/* Begin PBXBuildFile section */
		275A42821667877300E9AA3A /* Cocoa.framework in Frameworks */ = {isa = PBXBuildFile; fileRef = 275A425F1667873000E9AA3A /* Cocoa.framework */; };
		277D956D1830EE73005898B4 /* OCFoundation.framework in Frameworks */ = {isa = PBXBuildFile; fileRef = ABDC88D017F1CC8100C5D66B /* OCFoundation.framework */; };
		27905FDB177349DC00BA24C7 /* MainMenu.xib in Resources */ = {isa = PBXBuildFile; fileRef = 27905FDA177349DC00BA24C7 /* MainMenu.xib */; };
		27B97E5217733234001D81DB /* CloudApp.m in Sources */ = {isa = PBXBuildFile; fileRef = 27B97E5117733234001D81DB /* CloudApp.m */; };
		37C8F9F8184D1D67006A1117 /* QuartzCore.framework in Frameworks */ = {isa = PBXBuildFile; fileRef = 37C8F9F7184D1D67006A1117 /* QuartzCore.framework */; };
		37C8F9FB184E100F006A1117 /* NSData+Base64.m in Sources */ = {isa = PBXBuildFile; fileRef = 37C8F9FA184E100F006A1117 /* NSData+Base64.m */; };
		AB37F59116808DB5005E8D79 /* AppIcon.iconset in Resources */ = {isa = PBXBuildFile; fileRef = AB37F59016808DB5005E8D79 /* AppIcon.iconset */; };
		AB8DE9331822A32600D2B849 /* OCFWebServer.framework in Frameworks */ = {isa = PBXBuildFile; fileRef = ABDC88D217F1CC8100C5D66B /* OCFWebServer.framework */; };
		AB8DE9341822A32600D2B849 /* OCFWeb.framework in Frameworks */ = {isa = PBXBuildFile; fileRef = ABDC88D117F1CC8100C5D66B /* OCFWeb.framework */; };
		AB8DE9361822A32600D2B849 /* OCFJSONCoding.framework in Frameworks */ = {isa = PBXBuildFile; fileRef = AB8DE93118229DD900D2B849 /* OCFJSONCoding.framework */; };
		ABD680141680B878001CB233 /* Security.framework in Frameworks */ = {isa = PBXBuildFile; fileRef = ABD680131680B878001CB233 /* Security.framework */; };
		ABDC88D817F1CE1100C5D66B /* Service.m in Sources */ = {isa = PBXBuildFile; fileRef = ABDC88D717F1CE1100C5D66B /* Service.m */; };
		ABDCE8D616808F270050F06E /* main.m in Sources */ = {isa = PBXBuildFile; fileRef = AB37F577168085F4005E8D79 /* main.m */; };
/* End PBXBuildFile section */

/* Begin PBXFileReference section */
		275A425F1667873000E9AA3A /* Cocoa.framework */ = {isa = PBXFileReference; lastKnownFileType = wrapper.framework; name = Cocoa.framework; path = System/Library/Frameworks/Cocoa.framework; sourceTree = SDKROOT; };
		275A42621667873000E9AA3A /* AppKit.framework */ = {isa = PBXFileReference; lastKnownFileType = wrapper.framework; name = AppKit.framework; path = System/Library/Frameworks/AppKit.framework; sourceTree = SDKROOT; };
		275A42631667873000E9AA3A /* CoreData.framework */ = {isa = PBXFileReference; lastKnownFileType = wrapper.framework; name = CoreData.framework; path = System/Library/Frameworks/CoreData.framework; sourceTree = SDKROOT; };
		275A42641667873000E9AA3A /* Foundation.framework */ = {isa = PBXFileReference; lastKnownFileType = wrapper.framework; name = Foundation.framework; path = System/Library/Frameworks/Foundation.framework; sourceTree = SDKROOT; };
		275A42801667877300E9AA3A /* obcl.appserialtest02.app */ = {isa = PBXFileReference; explicitFileType = wrapper.application; includeInIndex = 0; path = obcl.appserialtest02.app; sourceTree = BUILT_PRODUCTS_DIR; };
		275A42A616678F0300E9AA3A /* Foundation.framework */ = {isa = PBXFileReference; lastKnownFileType = wrapper.framework; name = Foundation.framework; path = System/Library/Frameworks/Foundation.framework; sourceTree = SDKROOT; };
		27905FDA177349DC00BA24C7 /* MainMenu.xib */ = {isa = PBXFileReference; fileEncoding = 4; lastKnownFileType = file.xib; path = MainMenu.xib; sourceTree = "<group>"; };
		27B97E5017733234001D81DB /* CloudApp.h */ = {isa = PBXFileReference; fileEncoding = 4; lastKnownFileType = sourcecode.c.h; path = CloudApp.h; sourceTree = "<group>"; };
		27B97E5117733234001D81DB /* CloudApp.m */ = {isa = PBXFileReference; fileEncoding = 4; lastKnownFileType = sourcecode.c.objc; path = CloudApp.m; sourceTree = "<group>"; };
		27BE2F761831491400E9DC09 /* ServiceCloudInterface.h */ = {isa = PBXFileReference; lastKnownFileType = sourcecode.c.h; path = ServiceCloudInterface.h; sourceTree = "<group>"; };
		37C8F9F5184D1B6C006A1117 /* CoreGraphics.framework */ = {isa = PBXFileReference; lastKnownFileType = wrapper.framework; name = CoreGraphics.framework; path = System/Library/Frameworks/CoreGraphics.framework; sourceTree = SDKROOT; };
		37C8F9F7184D1D67006A1117 /* QuartzCore.framework */ = {isa = PBXFileReference; lastKnownFileType = wrapper.framework; name = QuartzCore.framework; path = System/Library/Frameworks/QuartzCore.framework; sourceTree = SDKROOT; };
		37C8F9F9184E100F006A1117 /* NSData+Base64.h */ = {isa = PBXFileReference; fileEncoding = 4; lastKnownFileType = sourcecode.c.h; path = "NSData+Base64.h"; sourceTree = "<group>"; };
		37C8F9FA184E100F006A1117 /* NSData+Base64.m */ = {isa = PBXFileReference; fileEncoding = 4; lastKnownFileType = sourcecode.c.objc; path = "NSData+Base64.m"; sourceTree = "<group>"; };
		AB37F573168085F4005E8D79 /* CloudApplication-Info.plist */ = {isa = PBXFileReference; lastKnownFileType = text.plist.xml; path = "CloudApplication-Info.plist"; sourceTree = "<group>"; };
		AB37F575168085F4005E8D79 /* en */ = {isa = PBXFileReference; lastKnownFileType = text.plist.strings; name = en; path = en.lproj/InfoPlist.strings; sourceTree = "<group>"; };
		AB37F577168085F4005E8D79 /* main.m */ = {isa = PBXFileReference; lastKnownFileType = sourcecode.c.objc; path = main.m; sourceTree = "<group>"; };
		AB37F579168085F4005E8D79 /* CloudApplication-Prefix.pch */ = {isa = PBXFileReference; lastKnownFileType = sourcecode.c.h; path = "CloudApplication-Prefix.pch"; sourceTree = "<group>"; };
		AB37F59016808DB5005E8D79 /* AppIcon.iconset */ = {isa = PBXFileReference; lastKnownFileType = folder.iconset; name = AppIcon.iconset; path = CloudApplication/AppIcon.iconset; sourceTree = SOURCE_ROOT; };
		AB8DE93118229DD900D2B849 /* OCFJSONCoding.framework */ = {isa = PBXFileReference; lastKnownFileType = wrapper.framework; name = OCFJSONCoding.framework; path = ../../../../../../../../Library/Frameworks/OCFJSONCoding.framework; sourceTree = "<group>"; };
		ABD680131680B878001CB233 /* Security.framework */ = {isa = PBXFileReference; lastKnownFileType = wrapper.framework; name = Security.framework; path = System/Library/Frameworks/Security.framework; sourceTree = SDKROOT; };
		ABDC88D017F1CC8100C5D66B /* OCFoundation.framework */ = {isa = PBXFileReference; lastKnownFileType = wrapper.framework; name = OCFoundation.framework; path = ../../../../../../../../Library/Frameworks/OCFoundation.framework; sourceTree = "<group>"; };
		ABDC88D117F1CC8100C5D66B /* OCFWeb.framework */ = {isa = PBXFileReference; lastKnownFileType = wrapper.framework; name = OCFWeb.framework; path = ../../../../../../../../Library/Frameworks/OCFWeb.framework; sourceTree = "<group>"; };
		ABDC88D217F1CC8100C5D66B /* OCFWebServer.framework */ = {isa = PBXFileReference; lastKnownFileType = wrapper.framework; name = OCFWebServer.framework; path = ../../../../../../../../Library/Frameworks/OCFWebServer.framework; sourceTree = "<group>"; };
		ABDC88D617F1CE1100C5D66B /* Service.h */ = {isa = PBXFileReference; fileEncoding = 4; lastKnownFileType = sourcecode.c.h; path = Service.h; sourceTree = "<group>"; };
		ABDC88D717F1CE1100C5D66B /* Service.m */ = {isa = PBXFileReference; fileEncoding = 4; lastKnownFileType = sourcecode.c.objc; path = Service.m; sourceTree = "<group>"; };
/* End PBXFileReference section */

/* Begin PBXFrameworksBuildPhase section */
		275A427D1667877300E9AA3A /* Frameworks */ = {
			isa = PBXFrameworksBuildPhase;
			buildActionMask = 2147483647;
			files = (
				37C8F9F8184D1D67006A1117 /* QuartzCore.framework in Frameworks */,
				277D956D1830EE73005898B4 /* OCFoundation.framework in Frameworks */,
				AB8DE9331822A32600D2B849 /* OCFWebServer.framework in Frameworks */,
				AB8DE9341822A32600D2B849 /* OCFWeb.framework in Frameworks */,
				AB8DE9361822A32600D2B849 /* OCFJSONCoding.framework in Frameworks */,
				ABD680141680B878001CB233 /* Security.framework in Frameworks */,
				275A42821667877300E9AA3A /* Cocoa.framework in Frameworks */,
			);
			runOnlyForDeploymentPostprocessing = 0;
		};
/* End PBXFrameworksBuildPhase section */

/* Begin PBXGroup section */
		275A42501667872F00E9AA3A = {
			isa = PBXGroup;
			children = (
				AB37F571168085F4005E8D79 /* CloudApplication */,
				275A425E1667873000E9AA3A /* Frameworks */,
				275A425C1667873000E9AA3A /* Products */,
			);
			sourceTree = "<group>";
		};
		275A425C1667873000E9AA3A /* Products */ = {
			isa = PBXGroup;
			children = (
				275A42801667877300E9AA3A /* obcl.appserialtest02.app */,
			);
			name = Products;
			sourceTree = "<group>";
		};
		275A425E1667873000E9AA3A /* Frameworks */ = {
			isa = PBXGroup;
			children = (
				37C8F9F7184D1D67006A1117 /* QuartzCore.framework */,
				AB8DE93118229DD900D2B849 /* OCFJSONCoding.framework */,
				ABDC88D017F1CC8100C5D66B /* OCFoundation.framework */,
				ABDC88D117F1CC8100C5D66B /* OCFWeb.framework */,
				ABDC88D217F1CC8100C5D66B /* OCFWebServer.framework */,
				ABD680131680B878001CB233 /* Security.framework */,
				275A425F1667873000E9AA3A /* Cocoa.framework */,
				275A42A616678F0300E9AA3A /* Foundation.framework */,
				275A42611667873000E9AA3A /* Other Frameworks */,
			);
			name = Frameworks;
			sourceTree = "<group>";
		};
		275A42611667873000E9AA3A /* Other Frameworks */ = {
			isa = PBXGroup;
			children = (
				37C8F9F5184D1B6C006A1117 /* CoreGraphics.framework */,
				275A42621667873000E9AA3A /* AppKit.framework */,
				275A42631667873000E9AA3A /* CoreData.framework */,
				275A42641667873000E9AA3A /* Foundation.framework */,
			);
			name = "Other Frameworks";
			sourceTree = "<group>";
		};
		AB37F571168085F4005E8D79 /* CloudApplication */ = {
			isa = PBXGroup;
			children = (
				27B97E5017733234001D81DB /* CloudApp.h */,
				27B97E5117733234001D81DB /* CloudApp.m */,
				27BE2F761831491400E9DC09 /* ServiceCloudInterface.h */,
				ABDC88D617F1CE1100C5D66B /* Service.h */,
				ABDC88D717F1CE1100C5D66B /* Service.m */,
				37C8F9F9184E100F006A1117 /* NSData+Base64.h */,
				37C8F9FA184E100F006A1117 /* NSData+Base64.m */,
				AB37F572168085F4005E8D79 /* Supporting Files */,
			);
			path = CloudApplication;
			sourceTree = "<group>";
		};
		AB37F572168085F4005E8D79 /* Supporting Files */ = {
			isa = PBXGroup;
			children = (
				AB37F577168085F4005E8D79 /* main.m */,
				AB37F573168085F4005E8D79 /* CloudApplication-Info.plist */,
				AB37F574168085F4005E8D79 /* InfoPlist.strings */,
				AB37F579168085F4005E8D79 /* CloudApplication-Prefix.pch */,
				AB37F59016808DB5005E8D79 /* AppIcon.iconset */,
				27905FDA177349DC00BA24C7 /* MainMenu.xib */,
			);
			name = "Supporting Files";
			sourceTree = "<group>";
		};
/* End PBXGroup section */

/* Begin PBXNativeTarget section */
		275A427F1667877300E9AA3A /* CloudApp */ = {
			isa = PBXNativeTarget;
			buildConfigurationList = 275A42951667877300E9AA3A /* Build configuration list for PBXNativeTarget "CloudApp" */;
			buildPhases = (
				275A427C1667877300E9AA3A /* Sources */,
				275A427D1667877300E9AA3A /* Frameworks */,
				275A427E1667877300E9AA3A /* Resources */,
				277D957318310511005898B4 /* Export Cloud Interfaces */,
			);
			buildRules = (
			);
			dependencies = (
			);
			name = CloudApp;
			productName = obcl.appserialtest02;
			productReference = 275A42801667877300E9AA3A /* obcl.appserialtest02.app */;
			productType = "com.apple.product-type.application";
		};
/* End PBXNativeTarget section */

/* Begin PBXProject section */
		275A42521667872F00E9AA3A /* Project object */ = {
			isa = PBXProject;
			attributes = {
				LastUpgradeCheck = 0500;
				ORGANIZATIONNAME = "Your Company";
			};
			buildConfigurationList = 275A42551667872F00E9AA3A /* Build configuration list for PBXProject "CloudApp" */;
			compatibilityVersion = "Xcode 3.2";
			developmentRegion = English;
			hasScannedForEncodings = 0;
			knownRegions = (
				en,
			);
			mainGroup = 275A42501667872F00E9AA3A;
			productRefGroup = 275A425C1667873000E9AA3A /* Products */;
			projectDirPath = "";
			projectRoot = "";
			targets = (
				275A427F1667877300E9AA3A /* CloudApp */,
			);
		};
/* End PBXProject section */

/* Begin PBXResourcesBuildPhase section */
		275A427E1667877300E9AA3A /* Resources */ = {
			isa = PBXResourcesBuildPhase;
			buildActionMask = 2147483647;
			files = (
				AB37F59116808DB5005E8D79 /* AppIcon.iconset in Resources */,
				27905FDB177349DC00BA24C7 /* MainMenu.xib in Resources */,
			);
			runOnlyForDeploymentPostprocessing = 0;
		};
/* End PBXResourcesBuildPhase section */

/* Begin PBXShellScriptBuildPhase section */
		277D957318310511005898B4 /* Export Cloud Interfaces */ = {
			isa = PBXShellScriptBuildPhase;
			buildActionMask = 12;
			files = (
			);
			inputPaths = (
				"$(SRCROOT)/CloudApplication/ServiceCloudInterface.h",
			);
			name = "Export Cloud Interfaces";
			outputPaths = (
				"$(BUILT_PRODUCTS_DIR)/$(CONTENTS_FOLDER_PATH)/CloudInterfaces",
			);
			runOnlyForDeploymentPostprocessing = 0;
			shellPath = /bin/bash;
			shellScript = "#!/bin/bash\nmkdir -p $SCRIPT_OUTPUT_FILE_0\nobcl_cloudInterfaceExporter $SCRIPT_OUTPUT_FILE_0 -x objective-c";
		};
/* End PBXShellScriptBuildPhase section */

/* Begin PBXSourcesBuildPhase section */
		275A427C1667877300E9AA3A /* Sources */ = {
			isa = PBXSourcesBuildPhase;
			buildActionMask = 2147483647;
			files = (
				ABDC88D817F1CE1100C5D66B /* Service.m in Sources */,
				37C8F9FB184E100F006A1117 /* NSData+Base64.m in Sources */,
				ABDCE8D616808F270050F06E /* main.m in Sources */,
				27B97E5217733234001D81DB /* CloudApp.m in Sources */,
			);
			runOnlyForDeploymentPostprocessing = 0;
		};
/* End PBXSourcesBuildPhase section */

/* Begin PBXVariantGroup section */
		AB37F574168085F4005E8D79 /* InfoPlist.strings */ = {
			isa = PBXVariantGroup;
			children = (
				AB37F575168085F4005E8D79 /* en */,
			);
			name = InfoPlist.strings;
			sourceTree = "<group>";
		};
/* End PBXVariantGroup section */

/* Begin XCBuildConfiguration section */
		275A42771667873000E9AA3A /* Debug */ = {
			isa = XCBuildConfiguration;
			buildSettings = {
				ALWAYS_SEARCH_USER_PATHS = NO;
				CLANG_CXX_LANGUAGE_STANDARD = "gnu++0x";
				CLANG_CXX_LIBRARY = "libc++";
				CLANG_ENABLE_OBJC_ARC = YES;
				CLANG_WARN_EMPTY_BODY = YES;
				CLANG_WARN__DUPLICATE_METHOD_MATCH = YES;
				COPY_PHASE_STRIP = NO;
				GCC_C_LANGUAGE_STANDARD = gnu99;
				GCC_DYNAMIC_NO_PIC = NO;
				GCC_ENABLE_OBJC_EXCEPTIONS = YES;
				GCC_OPTIMIZATION_LEVEL = 0;
				GCC_PREPROCESSOR_DEFINITIONS = (
					"DEBUG=1",
					"$(inherited)",
				);
				GCC_SYMBOLS_PRIVATE_EXTERN = NO;
				GCC_WARN_64_TO_32_BIT_CONVERSION = YES;
				GCC_WARN_ABOUT_RETURN_TYPE = YES;
				GCC_WARN_UNINITIALIZED_AUTOS = YES;
				GCC_WARN_UNUSED_VARIABLE = YES;
				MACOSX_DEPLOYMENT_TARGET = 10.9;
				OBJECTIVE_CLOUD_APPLICATION_NAME = appserialtest02;
				ONLY_ACTIVE_ARCH = YES;
				PRODUCT_NAME = "$(OBJECTIVE_CLOUD_APPLICATION_NAME)";
				SDKROOT = macosx;
			};
			name = Debug;
		};
		275A42781667873000E9AA3A /* Release */ = {
			isa = XCBuildConfiguration;
			buildSettings = {
				ALWAYS_SEARCH_USER_PATHS = NO;
				CLANG_CXX_LANGUAGE_STANDARD = "gnu++0x";
				CLANG_CXX_LIBRARY = "libc++";
				CLANG_ENABLE_OBJC_ARC = YES;
				CLANG_WARN_EMPTY_BODY = YES;
				CLANG_WARN__DUPLICATE_METHOD_MATCH = YES;
				COPY_PHASE_STRIP = YES;
				DEBUG_INFORMATION_FORMAT = "dwarf-with-dsym";
				GCC_C_LANGUAGE_STANDARD = gnu99;
				GCC_ENABLE_OBJC_EXCEPTIONS = YES;
				GCC_WARN_64_TO_32_BIT_CONVERSION = YES;
				GCC_WARN_ABOUT_RETURN_TYPE = YES;
				GCC_WARN_UNINITIALIZED_AUTOS = YES;
				GCC_WARN_UNUSED_VARIABLE = YES;
				MACOSX_DEPLOYMENT_TARGET = 10.9;
				OBJECTIVE_CLOUD_APPLICATION_NAME = appserialtest02;
				PRODUCT_NAME = "$(OBJECTIVE_CLOUD_APPLICATION_NAME)";
				SDKROOT = macosx;
			};
			name = Release;
		};
		275A42961667877300E9AA3A /* Debug */ = {
			isa = XCBuildConfiguration;
			buildSettings = {
				COMBINE_HIDPI_IMAGES = YES;
				FRAMEWORK_SEARCH_PATHS = (
					"$(inherited)",
					"$(SRCROOT)",
					"$(LOCAL_LIBRARY_DIR)/Frameworks",
				);
				GCC_PRECOMPILE_PREFIX_HEADER = YES;
				GCC_PREFIX_HEADER = "CloudApplication/CloudApplication-Prefix.pch";
				HEADER_SEARCH_PATHS = "$(inherited)";
				INFOPLIST_FILE = "CloudApplication/CloudApplication-Info.plist";
				LD_DYLIB_INSTALL_NAME = "$(DYLIB_INSTALL_NAME_BASE:standardizepath)/$(EXECUTABLE_PATH)";
				LD_RUNPATH_SEARCH_PATHS = "";
				MACOSX_DEPLOYMENT_TARGET = 10.9;
				OBJECTIVE_CLOUD_APPLICATION_NAME = "$(inherited)";
				PRODUCT_NAME = "obcl.$(OBJECTIVE_CLOUD_APPLICATION_NAME)";
				WRAPPER_EXTENSION = app;
			};
			name = Debug;
		};
		275A42971667877300E9AA3A /* Release */ = {
			isa = XCBuildConfiguration;
			buildSettings = {
				COMBINE_HIDPI_IMAGES = YES;
				FRAMEWORK_SEARCH_PATHS = (
					"$(inherited)",
					"$(SRCROOT)",
					"$(LOCAL_LIBRARY_DIR)/Frameworks",
				);
				GCC_PRECOMPILE_PREFIX_HEADER = YES;
				GCC_PREFIX_HEADER = "CloudApplication/CloudApplication-Prefix.pch";
				HEADER_SEARCH_PATHS = "$(inherited)";
				INFOPLIST_FILE = "CloudApplication/CloudApplication-Info.plist";
				LD_DYLIB_INSTALL_NAME = "$(DYLIB_INSTALL_NAME_BASE:standardizepath)/$(EXECUTABLE_PATH)";
				LD_RUNPATH_SEARCH_PATHS = "";
				MACOSX_DEPLOYMENT_TARGET = 10.9;
				OBJECTIVE_CLOUD_APPLICATION_NAME = "$(inherited)";
				PRODUCT_NAME = "obcl.$(OBJECTIVE_CLOUD_APPLICATION_NAME)";
				WRAPPER_EXTENSION = app;
			};
			name = Release;
		};
/* End XCBuildConfiguration section */

/* Begin XCConfigurationList section */
		275A42551667872F00E9AA3A /* Build configuration list for PBXProject "CloudApp" */ = {
			isa = XCConfigurationList;
			buildConfigurations = (
				275A42771667873000E9AA3A /* Debug */,
				275A42781667873000E9AA3A /* Release */,
			);
			defaultConfigurationIsVisible = 0;
			defaultConfigurationName = Release;
		};
		275A42951667877300E9AA3A /* Build configuration list for PBXNativeTarget "CloudApp" */ = {
			isa = XCConfigurationList;
			buildConfigurations = (
				275A42961667877300E9AA3A /* Debug */,
				275A42971667877300E9AA3A /* Release */,
			);
			defaultConfigurationIsVisible = 0;
			defaultConfigurationName = Release;
		};
/* End XCConfigurationList section */
	};
	rootObject = 275A42521667872F00E9AA3A /* Project object */;
}
